// !$*UTF8*$!
{
	archiveVersion = 1;
	classes = {
	};
	objectVersion = 46;
	objects = {

/* Begin PBXBuildFile section */
		722D85991D56F51600F4B8DA /* KWZCollectionViewLayoutAttributes.m in Sources */ = {isa = PBXBuildFile; fileRef = 722D85981D56F51600F4B8DA /* KWZCollectionViewLayoutAttributes.m */; };
		722D85B81D56F67C00F4B8DA /* 0.jpg in Resources */ = {isa = PBXBuildFile; fileRef = 722D859A1D56F67C00F4B8DA /* 0.jpg */; };
		722D85B91D56F67C00F4B8DA /* 1.jpg in Resources */ = {isa = PBXBuildFile; fileRef = 722D859B1D56F67C00F4B8DA /* 1.jpg */; };
		722D85BA1D56F67C00F4B8DA /* 2.jpg in Resources */ = {isa = PBXBuildFile; fileRef = 722D859C1D56F67C00F4B8DA /* 2.jpg */; };
		722D85BB1D56F67C00F4B8DA /* 3.jpg in Resources */ = {isa = PBXBuildFile; fileRef = 722D859D1D56F67C00F4B8DA /* 3.jpg */; };
		722D85BC1D56F67C00F4B8DA /* 4.jpg in Resources */ = {isa = PBXBuildFile; fileRef = 722D859E1D56F67C00F4B8DA /* 4.jpg */; };
		722D85BD1D56F67C00F4B8DA /* 5.jpg in Resources */ = {isa = PBXBuildFile; fileRef = 722D859F1D56F67C00F4B8DA /* 5.jpg */; };
		722D85BE1D56F67C00F4B8DA /* 6.jpg in Resources */ = {isa = PBXBuildFile; fileRef = 722D85A01D56F67C00F4B8DA /* 6.jpg */; };
		722D85BF1D56F67C00F4B8DA /* 7.jpg in Resources */ = {isa = PBXBuildFile; fileRef = 722D85A11D56F67C00F4B8DA /* 7.jpg */; };
		722D85C01D56F67C00F4B8DA /* 8.jpg in Resources */ = {isa = PBXBuildFile; fileRef = 722D85A21D56F67C00F4B8DA /* 8.jpg */; };
		722D85C11D56F67C00F4B8DA /* 9.jpg in Resources */ = {isa = PBXBuildFile; fileRef = 722D85A31D56F67C00F4B8DA /* 9.jpg */; };
		722D85C21D56F67C00F4B8DA /* 10.jpg in Resources */ = {isa = PBXBuildFile; fileRef = 722D85A41D56F67C00F4B8DA /* 10.jpg */; };
		722D85C31D56F67C00F4B8DA /* 11.jpg in Resources */ = {isa = PBXBuildFile; fileRef = 722D85A51D56F67C00F4B8DA /* 11.jpg */; };
		722D85C41D56F67C00F4B8DA /* 12.jpg in Resources */ = {isa = PBXBuildFile; fileRef = 722D85A61D56F67C00F4B8DA /* 12.jpg */; };
		722D85C51D56F67C00F4B8DA /* 13.jpg in Resources */ = {isa = PBXBuildFile; fileRef = 722D85A71D56F67C00F4B8DA /* 13.jpg */; };
		722D85C61D56F67C00F4B8DA /* 14.jpg in Resources */ = {isa = PBXBuildFile; fileRef = 722D85A81D56F67C00F4B8DA /* 14.jpg */; };
		722D85C71D56F67C00F4B8DA /* 15.jpg in Resources */ = {isa = PBXBuildFile; fileRef = 722D85A91D56F67C00F4B8DA /* 15.jpg */; };
		722D85C81D56F67C00F4B8DA /* 16.jpg in Resources */ = {isa = PBXBuildFile; fileRef = 722D85AA1D56F67C00F4B8DA /* 16.jpg */; };
		722D85C91D56F67C00F4B8DA /* 17.jpg in Resources */ = {isa = PBXBuildFile; fileRef = 722D85AB1D56F67C00F4B8DA /* 17.jpg */; };
		722D85CA1D56F67C00F4B8DA /* 18.jpg in Resources */ = {isa = PBXBuildFile; fileRef = 722D85AC1D56F67C00F4B8DA /* 18.jpg */; };
		722D85CB1D56F67C00F4B8DA /* 19.jpg in Resources */ = {isa = PBXBuildFile; fileRef = 722D85AD1D56F67C00F4B8DA /* 19.jpg */; };
		722D85CC1D56F67C00F4B8DA /* 20.jpg in Resources */ = {isa = PBXBuildFile; fileRef = 722D85AE1D56F67C00F4B8DA /* 20.jpg */; };
		722D85CD1D56F67C00F4B8DA /* 21.jpg in Resources */ = {isa = PBXBuildFile; fileRef = 722D85AF1D56F67C00F4B8DA /* 21.jpg */; };
		722D85CE1D56F67C00F4B8DA /* 22.jpg in Resources */ = {isa = PBXBuildFile; fileRef = 722D85B01D56F67C00F4B8DA /* 22.jpg */; };
		722D85CF1D56F67C00F4B8DA /* 23.jpg in Resources */ = {isa = PBXBuildFile; fileRef = 722D85B11D56F67C00F4B8DA /* 23.jpg */; };
		722D85D01D56F67C00F4B8DA /* 24.jpg in Resources */ = {isa = PBXBuildFile; fileRef = 722D85B21D56F67C00F4B8DA /* 24.jpg */; };
		722D85D11D56F67C00F4B8DA /* 25.jpg in Resources */ = {isa = PBXBuildFile; fileRef = 722D85B31D56F67C00F4B8DA /* 25.jpg */; };
		722D85D21D56F67C00F4B8DA /* 26.jpg in Resources */ = {isa = PBXBuildFile; fileRef = 722D85B41D56F67C00F4B8DA /* 26.jpg */; };
		722D85D31D56F67C00F4B8DA /* 27.jpg in Resources */ = {isa = PBXBuildFile; fileRef = 722D85B51D56F67C00F4B8DA /* 27.jpg */; };
		722D85D41D56F67C00F4B8DA /* 28.jpg in Resources */ = {isa = PBXBuildFile; fileRef = 722D85B61D56F67C00F4B8DA /* 28.jpg */; };
		722D85D51D56F67C00F4B8DA /* 29.jpg in Resources */ = {isa = PBXBuildFile; fileRef = 722D85B71D56F67C00F4B8DA /* 29.jpg */; };
		727397DA1D1F8319002F881B /* main.m in Sources */ = {isa = PBXBuildFile; fileRef = 727397D91D1F8319002F881B /* main.m */; };
		727397DD1D1F8319002F881B /* AppDelegate.m in Sources */ = {isa = PBXBuildFile; fileRef = 727397DC1D1F8319002F881B /* AppDelegate.m */; };
		727397E01D1F8319002F881B /* KWZViewController.m in Sources */ = {isa = PBXBuildFile; fileRef = 727397DF1D1F8319002F881B /* KWZViewController.m */; };
		727397E51D1F8319002F881B /* Assets.xcassets in Resources */ = {isa = PBXBuildFile; fileRef = 727397E41D1F8319002F881B /* Assets.xcassets */; };
		727397F41D1FAB51002F881B /* KWZPhotoModel.m in Sources */ = {isa = PBXBuildFile; fileRef = 727397F31D1FAB51002F881B /* KWZPhotoModel.m */; };
		728884541D32284A00BF82C3 /* KWZCollectionViewCell.m in Sources */ = {isa = PBXBuildFile; fileRef = 728884531D32284A00BF82C3 /* KWZCollectionViewCell.m */; };
		728884971D323CD600BF82C3 /* KWZCollectionViewFlowLayout.m in Sources */ = {isa = PBXBuildFile; fileRef = 728884961D323CD600BF82C3 /* KWZCollectionViewFlowLayout.m */; };
/* End PBXBuildFile section */

/* Begin PBXFileReference section */
		722D85971D56F51600F4B8DA /* KWZCollectionViewLayoutAttributes.h */ = {isa = PBXFileReference; fileEncoding = 4; lastKnownFileType = sourcecode.c.h; path = KWZCollectionViewLayoutAttributes.h; sourceTree = "<group>"; };
		722D85981D56F51600F4B8DA /* KWZCollectionViewLayoutAttributes.m */ = {isa = PBXFileReference; fileEncoding = 4; lastKnownFileType = sourcecode.c.objc; path = KWZCollectionViewLayoutAttributes.m; sourceTree = "<group>"; };
		722D859A1D56F67C00F4B8DA /* 0.jpg */ = {isa = PBXFileReference; lastKnownFileType = image.jpeg; path = 0.jpg; sourceTree = "<group>"; };
		722D859B1D56F67C00F4B8DA /* 1.jpg */ = {isa = PBXFileReference; lastKnownFileType = image.jpeg; path = 1.jpg; sourceTree = "<group>"; };
		722D859C1D56F67C00F4B8DA /* 2.jpg */ = {isa = PBXFileReference; lastKnownFileType = image.jpeg; path = 2.jpg; sourceTree = "<group>"; };
		722D859D1D56F67C00F4B8DA /* 3.jpg */ = {isa = PBXFileReference; lastKnownFileType = image.jpeg; path = 3.jpg; sourceTree = "<group>"; };
		722D859E1D56F67C00F4B8DA /* 4.jpg */ = {isa = PBXFileReference; lastKnownFileType = image.jpeg; path = 4.jpg; sourceTree = "<group>"; };
		722D859F1D56F67C00F4B8DA /* 5.jpg */ = {isa = PBXFileReference; lastKnownFileType = image.jpeg; path = 5.jpg; sourceTree = "<group>"; };
		722D85A01D56F67C00F4B8DA /* 6.jpg */ = {isa = PBXFileReference; lastKnownFileType = image.jpeg; path = 6.jpg; sourceTree = "<group>"; };
		722D85A11D56F67C00F4B8DA /* 7.jpg */ = {isa = PBXFileReference; lastKnownFileType = image.jpeg; path = 7.jpg; sourceTree = "<group>"; };
		722D85A21D56F67C00F4B8DA /* 8.jpg */ = {isa = PBXFileReference; lastKnownFileType = image.jpeg; path = 8.jpg; sourceTree = "<group>"; };
		722D85A31D56F67C00F4B8DA /* 9.jpg */ = {isa = PBXFileReference; lastKnownFileType = image.jpeg; path = 9.jpg; sourceTree = "<group>"; };
		722D85A41D56F67C00F4B8DA /* 10.jpg */ = {isa = PBXFileReference; lastKnownFileType = image.jpeg; path = 10.jpg; sourceTree = "<group>"; };
		722D85A51D56F67C00F4B8DA /* 11.jpg */ = {isa = PBXFileReference; lastKnownFileType = image.jpeg; path = 11.jpg; sourceTree = "<group>"; };
		722D85A61D56F67C00F4B8DA /* 12.jpg */ = {isa = PBXFileReference; lastKnownFileType = image.jpeg; path = 12.jpg; sourceTree = "<group>"; };
		722D85A71D56F67C00F4B8DA /* 13.jpg */ = {isa = PBXFileReference; lastKnownFileType = image.jpeg; path = 13.jpg; sourceTree = "<group>"; };
		722D85A81D56F67C00F4B8DA /* 14.jpg */ = {isa = PBXFileReference; lastKnownFileType = image.jpeg; path = 14.jpg; sourceTree = "<group>"; };
		722D85A91D56F67C00F4B8DA /* 15.jpg */ = {isa = PBXFileReference; lastKnownFileType = image.jpeg; path = 15.jpg; sourceTree = "<group>"; };
		722D85AA1D56F67C00F4B8DA /* 16.jpg */ = {isa = PBXFileReference; lastKnownFileType = image.jpeg; path = 16.jpg; sourceTree = "<group>"; };
		722D85AB1D56F67C00F4B8DA /* 17.jpg */ = {isa = PBXFileReference; lastKnownFileType = image.jpeg; path = 17.jpg; sourceTree = "<group>"; };
		722D85AC1D56F67C00F4B8DA /* 18.jpg */ = {isa = PBXFileReference; lastKnownFileType = image.jpeg; path = 18.jpg; sourceTree = "<group>"; };
		722D85AD1D56F67C00F4B8DA /* 19.jpg */ = {isa = PBXFileReference; lastKnownFileType = image.jpeg; path = 19.jpg; sourceTree = "<group>"; };
		722D85AE1D56F67C00F4B8DA /* 20.jpg */ = {isa = PBXFileReference; lastKnownFileType = image.jpeg; path = 20.jpg; sourceTree = "<group>"; };
		722D85AF1D56F67C00F4B8DA /* 21.jpg */ = {isa = PBXFileReference; lastKnownFileType = image.jpeg; path = 21.jpg; sourceTree = "<group>"; };
		722D85B01D56F67C00F4B8DA /* 22.jpg */ = {isa = PBXFileReference; lastKnownFileType = image.jpeg; path = 22.jpg; sourceTree = "<group>"; };
		722D85B11D56F67C00F4B8DA /* 23.jpg */ = {isa = PBXFileReference; lastKnownFileType = image.jpeg; path = 23.jpg; sourceTree = "<group>"; };
		722D85B21D56F67C00F4B8DA /* 24.jpg */ = {isa = PBXFileReference; lastKnownFileType = image.jpeg; path = 24.jpg; sourceTree = "<group>"; };
		722D85B31D56F67C00F4B8DA /* 25.jpg */ = {isa = PBXFileReference; lastKnownFileType = image.jpeg; path = 25.jpg; sourceTree = "<group>"; };
		722D85B41D56F67C00F4B8DA /* 26.jpg */ = {isa = PBXFileReference; lastKnownFileType = image.jpeg; path = 26.jpg; sourceTree = "<group>"; };
		722D85B51D56F67C00F4B8DA /* 27.jpg */ = {isa = PBXFileReference; lastKnownFileType = image.jpeg; path = 27.jpg; sourceTree = "<group>"; };
		722D85B61D56F67C00F4B8DA /* 28.jpg */ = {isa = PBXFileReference; lastKnownFileType = image.jpeg; path = 28.jpg; sourceTree = "<group>"; };
		722D85B71D56F67C00F4B8DA /* 29.jpg */ = {isa = PBXFileReference; lastKnownFileType = image.jpeg; path = 29.jpg; sourceTree = "<group>"; };
		727397D51D1F8319002F881B /* UICollectionView_Complete_Guide.app */ = {isa = PBXFileReference; explicitFileType = wrapper.application; includeInIndex = 0; path = UICollectionView_Complete_Guide.app; sourceTree = BUILT_PRODUCTS_DIR; };
		727397D91D1F8319002F881B /* main.m */ = {isa = PBXFileReference; lastKnownFileType = sourcecode.c.objc; path = main.m; sourceTree = "<group>"; };
		727397DB1D1F8319002F881B /* AppDelegate.h */ = {isa = PBXFileReference; lastKnownFileType = sourcecode.c.h; path = AppDelegate.h; sourceTree = "<group>"; };
		727397DC1D1F8319002F881B /* AppDelegate.m */ = {isa = PBXFileReference; lastKnownFileType = sourcecode.c.objc; path = AppDelegate.m; sourceTree = "<group>"; };
		727397DE1D1F8319002F881B /* KWZViewController.h */ = {isa = PBXFileReference; lastKnownFileType = sourcecode.c.h; path = KWZViewController.h; sourceTree = "<group>"; };
		727397DF1D1F8319002F881B /* KWZViewController.m */ = {isa = PBXFileReference; lastKnownFileType = sourcecode.c.objc; path = KWZViewController.m; sourceTree = "<group>"; };
		727397E41D1F8319002F881B /* Assets.xcassets */ = {isa = PBXFileReference; lastKnownFileType = folder.assetcatalog; path = Assets.xcassets; sourceTree = "<group>"; };
		727397E91D1F8319002F881B /* Info.plist */ = {isa = PBXFileReference; lastKnownFileType = text.plist.xml; path = Info.plist; sourceTree = "<group>"; };
		727397F21D1FAB51002F881B /* KWZPhotoModel.h */ = {isa = PBXFileReference; fileEncoding = 4; lastKnownFileType = sourcecode.c.h; path = KWZPhotoModel.h; sourceTree = "<group>"; };
		727397F31D1FAB51002F881B /* KWZPhotoModel.m */ = {isa = PBXFileReference; fileEncoding = 4; lastKnownFileType = sourcecode.c.objc; path = KWZPhotoModel.m; sourceTree = "<group>"; };
		728884521D32284A00BF82C3 /* KWZCollectionViewCell.h */ = {isa = PBXFileReference; fileEncoding = 4; lastKnownFileType = sourcecode.c.h; path = KWZCollectionViewCell.h; sourceTree = "<group>"; };
		728884531D32284A00BF82C3 /* KWZCollectionViewCell.m */ = {isa = PBXFileReference; fileEncoding = 4; lastKnownFileType = sourcecode.c.objc; path = KWZCollectionViewCell.m; sourceTree = "<group>"; };
		728884951D323CD600BF82C3 /* KWZCollectionViewFlowLayout.h */ = {isa = PBXFileReference; fileEncoding = 4; lastKnownFileType = sourcecode.c.h; path = KWZCollectionViewFlowLayout.h; sourceTree = "<group>"; };
		728884961D323CD600BF82C3 /* KWZCollectionViewFlowLayout.m */ = {isa = PBXFileReference; fileEncoding = 4; lastKnownFileType = sourcecode.c.objc; path = KWZCollectionViewFlowLayout.m; sourceTree = "<group>"; };
/* End PBXFileReference section */

/* Begin PBXFrameworksBuildPhase section */
		727397D21D1F8319002F881B /* Frameworks */ = {
			isa = PBXFrameworksBuildPhase;
			buildActionMask = 2147483647;
			files = (
			);
			runOnlyForDeploymentPostprocessing = 0;
		};
/* End PBXFrameworksBuildPhase section */

/* Begin PBXGroup section */
		727397CC1D1F8319002F881B = {
			isa = PBXGroup;
			children = (
				727397D71D1F8319002F881B /* UICollectionView_Complete_Guide */,
				727397D61D1F8319002F881B /* Products */,
			);
			sourceTree = "<group>";
		};
		727397D61D1F8319002F881B /* Products */ = {
			isa = PBXGroup;
			children = (
				727397D51D1F8319002F881B /* UICollectionView_Complete_Guide.app */,
			);
			name = Products;
			sourceTree = "<group>";
		};
		727397D71D1F8319002F881B /* UICollectionView_Complete_Guide */ = {
			isa = PBXGroup;
			children = (
				728884521D32284A00BF82C3 /* KWZCollectionViewCell.h */,
				728884531D32284A00BF82C3 /* KWZCollectionViewCell.m */,
				728884951D323CD600BF82C3 /* KWZCollectionViewFlowLayout.h */,
				728884961D323CD600BF82C3 /* KWZCollectionViewFlowLayout.m */,
				722D85971D56F51600F4B8DA /* KWZCollectionViewLayoutAttributes.h */,
				722D85981D56F51600F4B8DA /* KWZCollectionViewLayoutAttributes.m */,
				727397F21D1FAB51002F881B /* KWZPhotoModel.h */,
				727397F31D1FAB51002F881B /* KWZPhotoModel.m */,
				727397DE1D1F8319002F881B /* KWZViewController.h */,
				727397DF1D1F8319002F881B /* KWZViewController.m */,
				727397D81D1F8319002F881B /* Supporting Files */,
			);
			path = UICollectionView_Complete_Guide;
			sourceTree = "<group>";
		};
		727397D81D1F8319002F881B /* Supporting Files */ = {
			isa = PBXGroup;
			children = (
				727397DB1D1F8319002F881B /* AppDelegate.h */,
				727397DC1D1F8319002F881B /* AppDelegate.m */,
				727397E41D1F8319002F881B /* Assets.xcassets */,
				727397E91D1F8319002F881B /* Info.plist */,
				727397D91D1F8319002F881B /* main.m */,
				728884941D3232D000BF82C3 /* Photo */,
			);
			name = "Supporting Files";
			sourceTree = "<group>";
		};
		728884941D3232D000BF82C3 /* Photo */ = {
			isa = PBXGroup;
			children = (
				722D859A1D56F67C00F4B8DA /* 0.jpg */,
				722D859B1D56F67C00F4B8DA /* 1.jpg */,
				722D859C1D56F67C00F4B8DA /* 2.jpg */,
				722D859D1D56F67C00F4B8DA /* 3.jpg */,
				722D859E1D56F67C00F4B8DA /* 4.jpg */,
				722D859F1D56F67C00F4B8DA /* 5.jpg */,
				722D85A01D56F67C00F4B8DA /* 6.jpg */,
				722D85A11D56F67C00F4B8DA /* 7.jpg */,
				722D85A21D56F67C00F4B8DA /* 8.jpg */,
				722D85A31D56F67C00F4B8DA /* 9.jpg */,
				722D85A41D56F67C00F4B8DA /* 10.jpg */,
				722D85A51D56F67C00F4B8DA /* 11.jpg */,
				722D85A61D56F67C00F4B8DA /* 12.jpg */,
				722D85A71D56F67C00F4B8DA /* 13.jpg */,
				722D85A81D56F67C00F4B8DA /* 14.jpg */,
				722D85A91D56F67C00F4B8DA /* 15.jpg */,
				722D85AA1D56F67C00F4B8DA /* 16.jpg */,
				722D85AB1D56F67C00F4B8DA /* 17.jpg */,
				722D85AC1D56F67C00F4B8DA /* 18.jpg */,
				722D85AD1D56F67C00F4B8DA /* 19.jpg */,
				722D85AE1D56F67C00F4B8DA /* 20.jpg */,
				722D85AF1D56F67C00F4B8DA /* 21.jpg */,
				722D85B01D56F67C00F4B8DA /* 22.jpg */,
				722D85B11D56F67C00F4B8DA /* 23.jpg */,
				722D85B21D56F67C00F4B8DA /* 24.jpg */,
				722D85B31D56F67C00F4B8DA /* 25.jpg */,
				722D85B41D56F67C00F4B8DA /* 26.jpg */,
				722D85B51D56F67C00F4B8DA /* 27.jpg */,
				722D85B61D56F67C00F4B8DA /* 28.jpg */,
				722D85B71D56F67C00F4B8DA /* 29.jpg */,
			);
			name = Photo;
			sourceTree = "<group>";
		};
/* End PBXGroup section */

/* Begin PBXNativeTarget section */
		727397D41D1F8319002F881B /* UICollectionView_Complete_Guide */ = {
			isa = PBXNativeTarget;
			buildConfigurationList = 727397EC1D1F8319002F881B /* Build configuration list for PBXNativeTarget "UICollectionView_Complete_Guide" */;
			buildPhases = (
				727397D11D1F8319002F881B /* Sources */,
				727397D21D1F8319002F881B /* Frameworks */,
				727397D31D1F8319002F881B /* Resources */,
			);
			buildRules = (
			);
			dependencies = (
			);
			name = UICollectionView_Complete_Guide;
			productName = UICollectionView_Complete_Guide;
			productReference = 727397D51D1F8319002F881B /* UICollectionView_Complete_Guide.app */;
			productType = "com.apple.product-type.application";
		};
/* End PBXNativeTarget section */

/* Begin PBXProject section */
		727397CD1D1F8319002F881B /* Project object */ = {
			isa = PBXProject;
			attributes = {
				LastUpgradeCheck = 0730;
				ORGANIZATIONNAME = ZhangWei_Kenny;
				TargetAttributes = {
					727397D41D1F8319002F881B = {
						CreatedOnToolsVersion = 7.3.1;
						DevelopmentTeam = 74REQ6MMZH;
					};
				};
			};
			buildConfigurationList = 727397D01D1F8319002F881B /* Build configuration list for PBXProject "UICollectionView_Complete_Guide" */;
			compatibilityVersion = "Xcode 3.2";
			developmentRegion = English;
			hasScannedForEncodings = 0;
			knownRegions = (
				en,
				Base,
			);
			mainGroup = 727397CC1D1F8319002F881B;
			productRefGroup = 727397D61D1F8319002F881B /* Products */;
			projectDirPath = "";
			projectRoot = "";
			targets = (
				727397D41D1F8319002F881B /* UICollectionView_Complete_Guide */,
			);
		};
/* End PBXProject section */

/* Begin PBXResourcesBuildPhase section */
		727397D31D1F8319002F881B /* Resources */ = {
			isa = PBXResourcesBuildPhase;
			buildActionMask = 2147483647;
			files = (
				722D85CF1D56F67C00F4B8DA /* 23.jpg in Resources */,
				722D85C31D56F67C00F4B8DA /* 11.jpg in Resources */,
				722D85C11D56F67C00F4B8DA /* 9.jpg in Resources */,
				722D85C41D56F67C00F4B8DA /* 12.jpg in Resources */,
				722D85C01D56F67C00F4B8DA /* 8.jpg in Resources */,
				722D85BC1D56F67C00F4B8DA /* 4.jpg in Resources */,
				722D85BB1D56F67C00F4B8DA /* 3.jpg in Resources */,
				722D85BE1D56F67C00F4B8DA /* 6.jpg in Resources */,
				722D85C91D56F67C00F4B8DA /* 17.jpg in Resources */,
				722D85B91D56F67C00F4B8DA /* 1.jpg in Resources */,
				722D85CE1D56F67C00F4B8DA /* 22.jpg in Resources */,
				722D85B81D56F67C00F4B8DA /* 0.jpg in Resources */,
				722D85CA1D56F67C00F4B8DA /* 18.jpg in Resources */,
				722D85D01D56F67C00F4B8DA /* 24.jpg in Resources */,
				722D85D51D56F67C00F4B8DA /* 29.jpg in Resources */,
				722D85BD1D56F67C00F4B8DA /* 5.jpg in Resources */,
				722D85D41D56F67C00F4B8DA /* 28.jpg in Resources */,
				722D85C61D56F67C00F4B8DA /* 14.jpg in Resources */,
				722D85CD1D56F67C00F4B8DA /* 21.jpg in Resources */,
				722D85D21D56F67C00F4B8DA /* 26.jpg in Resources */,
				722D85CC1D56F67C00F4B8DA /* 20.jpg in Resources */,
				722D85C71D56F67C00F4B8DA /* 15.jpg in Resources */,
				722D85C51D56F67C00F4B8DA /* 13.jpg in Resources */,
				722D85BF1D56F67C00F4B8DA /* 7.jpg in Resources */,
				722D85D11D56F67C00F4B8DA /* 25.jpg in Resources */,
				722D85CB1D56F67C00F4B8DA /* 19.jpg in Resources */,
				722D85BA1D56F67C00F4B8DA /* 2.jpg in Resources */,
				722D85D31D56F67C00F4B8DA /* 27.jpg in Resources */,
				722D85C21D56F67C00F4B8DA /* 10.jpg in Resources */,
				722D85C81D56F67C00F4B8DA /* 16.jpg in Resources */,
				727397E51D1F8319002F881B /* Assets.xcassets in Resources */,
			);
			runOnlyForDeploymentPostprocessing = 0;
		};
/* End PBXResourcesBuildPhase section */

/* Begin PBXSourcesBuildPhase section */
		727397D11D1F8319002F881B /* Sources */ = {
			isa = PBXSourcesBuildPhase;
			buildActionMask = 2147483647;
			files = (
				727397E01D1F8319002F881B /* KWZViewController.m in Sources */,
				728884971D323CD600BF82C3 /* KWZCollectionViewFlowLayout.m in Sources */,
				727397F41D1FAB51002F881B /* KWZPhotoModel.m in Sources */,
				727397DD1D1F8319002F881B /* AppDelegate.m in Sources */,
				722D85991D56F51600F4B8DA /* KWZCollectionViewLayoutAttributes.m in Sources */,
				728884541D32284A00BF82C3 /* KWZCollectionViewCell.m in Sources */,
				727397DA1D1F8319002F881B /* main.m in Sources */,
			);
			runOnlyForDeploymentPostprocessing = 0;
		};
/* End PBXSourcesBuildPhase section */

/* Begin XCBuildConfiguration section */
		727397EA1D1F8319002F881B /* Debug */ = {
			isa = XCBuildConfiguration;
			buildSettings = {
				ALWAYS_SEARCH_USER_PATHS = NO;
				CLANG_ANALYZER_NONNULL = YES;
				CLANG_CXX_LANGUAGE_STANDARD = "gnu++0x";
				CLANG_CXX_LIBRARY = "libc++";
				CLANG_ENABLE_MODULES = YES;
				CLANG_ENABLE_OBJC_ARC = YES;
				CLANG_WARN_BOOL_CONVERSION = YES;
				CLANG_WARN_CONSTANT_CONVERSION = YES;
				CLANG_WARN_DIRECT_OBJC_ISA_USAGE = YES_ERROR;
				CLANG_WARN_EMPTY_BODY = YES;
				CLANG_WARN_ENUM_CONVERSION = YES;
				CLANG_WARN_INT_CONVERSION = YES;
				CLANG_WARN_OBJC_ROOT_CLASS = YES_ERROR;
				CLANG_WARN_UNREACHABLE_CODE = YES;
				CLANG_WARN__DUPLICATE_METHOD_MATCH = YES;
				"CODE_SIGN_IDENTITY[sdk=iphoneos*]" = "iPhone Developer";
				COPY_PHASE_STRIP = NO;
				DEBUG_INFORMATION_FORMAT = dwarf;
				ENABLE_STRICT_OBJC_MSGSEND = YES;
				ENABLE_TESTABILITY = YES;
				GCC_C_LANGUAGE_STANDARD = gnu99;
				GCC_DYNAMIC_NO_PIC = NO;
				GCC_NO_COMMON_BLOCKS = YES;
				GCC_OPTIMIZATION_LEVEL = 0;
				GCC_PREPROCESSOR_DEFINITIONS = (
					"DEBUG=1",
					"$(inherited)",
				);
				GCC_WARN_64_TO_32_BIT_CONVERSION = YES;
				GCC_WARN_ABOUT_RETURN_TYPE = YES_ERROR;
				GCC_WARN_UNDECLARED_SELECTOR = YES;
				GCC_WARN_UNINITIALIZED_AUTOS = YES_AGGRESSIVE;
				GCC_WARN_UNUSED_FUNCTION = YES;
				GCC_WARN_UNUSED_VARIABLE = YES;
				IPHONEOS_DEPLOYMENT_TARGET = 9.3;
				MTL_ENABLE_DEBUG_INFO = YES;
				ONLY_ACTIVE_ARCH = YES;
				SDKROOT = iphoneos;
				TARGETED_DEVICE_FAMILY = "1,2";
			};
			name = Debug;
		};
		727397EB1D1F8319002F881B /* Release */ = {
			isa = XCBuildConfiguration;
			buildSettings = {
				ALWAYS_SEARCH_USER_PATHS = NO;
				CLANG_ANALYZER_NONNULL = YES;
				CLANG_CXX_LANGUAGE_STANDARD = "gnu++0x";
				CLANG_CXX_LIBRARY = "libc++";
				CLANG_ENABLE_MODULES = YES;
				CLANG_ENABLE_OBJC_ARC = YES;
				CLANG_WARN_BOOL_CONVERSION = YES;
				CLANG_WARN_CONSTANT_CONVERSION = YES;
				CLANG_WARN_DIRECT_OBJC_ISA_USAGE = YES_ERROR;
				CLANG_WARN_EMPTY_BODY = YES;
				CLANG_WARN_ENUM_CONVERSION = YES;
				CLANG_WARN_INT_CONVERSION = YES;
				CLANG_WARN_OBJC_ROOT_CLASS = YES_ERROR;
				CLANG_WARN_UNREACHABLE_CODE = YES;
				CLANG_WARN__DUPLICATE_METHOD_MATCH = YES;
				"CODE_SIGN_IDENTITY[sdk=iphoneos*]" = "iPhone Developer";
				COPY_PHASE_STRIP = NO;
				DEBUG_INFORMATION_FORMAT = "dwarf-with-dsym";
				ENABLE_NS_ASSERTIONS = NO;
				ENABLE_STRICT_OBJC_MSGSEND = YES;
				GCC_C_LANGUAGE_STANDARD = gnu99;
				GCC_NO_COMMON_BLOCKS = YES;
				GCC_WARN_64_TO_32_BIT_CONVERSION = YES;
				GCC_WARN_ABOUT_RETURN_TYPE = YES_ERROR;
				GCC_WARN_UNDECLARED_SELECTOR = YES;
				GCC_WARN_UNINITIALIZED_AUTOS = YES_AGGRESSIVE;
				GCC_WARN_UNUSED_FUNCTION = YES;
				GCC_WARN_UNUSED_VARIABLE = YES;
				IPHONEOS_DEPLOYMENT_TARGET = 9.3;
				MTL_ENABLE_DEBUG_INFO = NO;
				SDKROOT = iphoneos;
				TARGETED_DEVICE_FAMILY = "1,2";
				VALIDATE_PRODUCT = YES;
			};
			name = Release;
		};
		727397ED1D1F8319002F881B /* Debug */ = {
			isa = XCBuildConfiguration;
			buildSettings = {
				ASSETCATALOG_COMPILER_APPICON_NAME = AppIcon;
				CODE_SIGN_IDENTITY = "iPhone Developer";
				INFOPLIST_FILE = UICollectionView_Complete_Guide/Info.plist;
				IPHONEOS_DEPLOYMENT_TARGET = 8.0;
				LD_RUNPATH_SEARCH_PATHS = "$(inherited) @executable_path/Frameworks";
				PRODUCT_BUNDLE_IDENTIFIER = "kenny.w.zhang.UICollectionView-Complete-Guide";
				PRODUCT_NAME = "$(TARGET_NAME)";
				TARGETED_DEVICE_FAMILY = 2;
			};
			name = Debug;
		};
		727397EE1D1F8319002F881B /* Release */ = {
			isa = XCBuildConfiguration;
			buildSettings = {
				ASSETCATALOG_COMPILER_APPICON_NAME = AppIcon;
				CODE_SIGN_IDENTITY = "iPhone Developer";
				INFOPLIST_FILE = UICollectionView_Complete_Guide/Info.plist;
				IPHONEOS_DEPLOYMENT_TARGET = 8.0;
				LD_RUNPATH_SEARCH_PATHS = "$(inherited) @executable_path/Frameworks";
				PRODUCT_BUNDLE_IDENTIFIER = "kenny.w.zhang.UICollectionView-Complete-Guide";
				PRODUCT_NAME = "$(TARGET_NAME)";
				TARGETED_DEVICE_FAMILY = 2;
			};
			name = Release;
		};
/* End XCBuildConfiguration section */

/* Begin XCConfigurationList section */
		727397D01D1F8319002F881B /* Build configuration list for PBXProject "UICollectionView_Complete_Guide" */ = {
			isa = XCConfigurationList;
			buildConfigurations = (
				727397EA1D1F8319002F881B /* Debug */,
				727397EB1D1F8319002F881B /* Release */,
			);
			defaultConfigurationIsVisible = 0;
			defaultConfigurationName = Release;
		};
		727397EC1D1F8319002F881B /* Build configuration list for PBXNativeTarget "UICollectionView_Complete_Guide" */ = {
			isa = XCConfigurationList;
			buildConfigurations = (
				727397ED1D1F8319002F881B /* Debug */,
				727397EE1D1F8319002F881B /* Release */,
			);
			defaultConfigurationIsVisible = 0;
			defaultConfigurationName = Release;
		};
/* End XCConfigurationList section */
	};
	rootObject = 727397CD1D1F8319002F881B /* Project object */;
}
